// !$*UTF8*$!
{
	archiveVersion = 1;
	classes = {
	};
	objectVersion = 50;
	objects = {

/* Begin PBXBuildFile section */
		58560CD92600E4E900267341 /* AppDelegate.swift in Sources */ = {isa = PBXBuildFile; fileRef = 58560CD82600E4E900267341 /* AppDelegate.swift */; };
		58560CDB2600E4E900267341 /* SceneDelegate.swift in Sources */ = {isa = PBXBuildFile; fileRef = 58560CDA2600E4E900267341 /* SceneDelegate.swift */; };
		58560CDD2600E4E900267341 /* ViewController.swift in Sources */ = {isa = PBXBuildFile; fileRef = 58560CDC2600E4E900267341 /* ViewController.swift */; };
		58560CE22600E4EA00267341 /* Assets.xcassets in Resources */ = {isa = PBXBuildFile; fileRef = 58560CE12600E4EA00267341 /* Assets.xcassets */; };
		58560CE52600E4EA00267341 /* LaunchScreen.storyboard in Resources */ = {isa = PBXBuildFile; fileRef = 58560CE32600E4EA00267341 /* LaunchScreen.storyboard */; };
		58560CF02600E4EA00267341 /* FoodieTests.swift in Sources */ = {isa = PBXBuildFile; fileRef = 58560CEF2600E4EA00267341 /* FoodieTests.swift */; };
		58560CFB2600E4EA00267341 /* FoodieUITests.swift in Sources */ = {isa = PBXBuildFile; fileRef = 58560CFA2600E4EA00267341 /* FoodieUITests.swift */; };
		58560D112600E61900267341 /* FoodieLandingView.swift in Sources */ = {isa = PBXBuildFile; fileRef = 58560D102600E61900267341 /* FoodieLandingView.swift */; };
		58560D222600E81600267341 /* Configurator.swift in Sources */ = {isa = PBXBuildFile; fileRef = 58560D212600E81600267341 /* Configurator.swift */; };
		58560D272600E95200267341 /* FoodieLandingProtocols.swift in Sources */ = {isa = PBXBuildFile; fileRef = 58560D262600E95200267341 /* FoodieLandingProtocols.swift */; };
/* End PBXBuildFile section */

/* Begin PBXContainerItemProxy section */
		58560CEC2600E4EA00267341 /* PBXContainerItemProxy */ = {
			isa = PBXContainerItemProxy;
			containerPortal = 58560CCD2600E4E900267341 /* Project object */;
			proxyType = 1;
			remoteGlobalIDString = 58560CD42600E4E900267341;
			remoteInfo = Foodie;
		};
		58560CF72600E4EA00267341 /* PBXContainerItemProxy */ = {
			isa = PBXContainerItemProxy;
			containerPortal = 58560CCD2600E4E900267341 /* Project object */;
			proxyType = 1;
			remoteGlobalIDString = 58560CD42600E4E900267341;
			remoteInfo = Foodie;
		};
/* End PBXContainerItemProxy section */

/* Begin PBXFileReference section */
		58560CD52600E4E900267341 /* Foodie.app */ = {isa = PBXFileReference; explicitFileType = wrapper.application; includeInIndex = 0; path = Foodie.app; sourceTree = BUILT_PRODUCTS_DIR; };
		58560CD82600E4E900267341 /* AppDelegate.swift */ = {isa = PBXFileReference; lastKnownFileType = sourcecode.swift; path = AppDelegate.swift; sourceTree = "<group>"; };
		58560CDA2600E4E900267341 /* SceneDelegate.swift */ = {isa = PBXFileReference; lastKnownFileType = sourcecode.swift; path = SceneDelegate.swift; sourceTree = "<group>"; };
		58560CDC2600E4E900267341 /* ViewController.swift */ = {isa = PBXFileReference; lastKnownFileType = sourcecode.swift; path = ViewController.swift; sourceTree = "<group>"; };
		58560CE12600E4EA00267341 /* Assets.xcassets */ = {isa = PBXFileReference; lastKnownFileType = folder.assetcatalog; path = Assets.xcassets; sourceTree = "<group>"; };
		58560CE42600E4EA00267341 /* Base */ = {isa = PBXFileReference; lastKnownFileType = file.storyboard; name = Base; path = Base.lproj/LaunchScreen.storyboard; sourceTree = "<group>"; };
		58560CE62600E4EA00267341 /* Info.plist */ = {isa = PBXFileReference; lastKnownFileType = text.plist.xml; path = Info.plist; sourceTree = "<group>"; };
		58560CEB2600E4EA00267341 /* FoodieTests.xctest */ = {isa = PBXFileReference; explicitFileType = wrapper.cfbundle; includeInIndex = 0; path = FoodieTests.xctest; sourceTree = BUILT_PRODUCTS_DIR; };
		58560CEF2600E4EA00267341 /* FoodieTests.swift */ = {isa = PBXFileReference; lastKnownFileType = sourcecode.swift; path = FoodieTests.swift; sourceTree = "<group>"; };
		58560CF12600E4EA00267341 /* Info.plist */ = {isa = PBXFileReference; lastKnownFileType = text.plist.xml; path = Info.plist; sourceTree = "<group>"; };
		58560CF62600E4EA00267341 /* FoodieUITests.xctest */ = {isa = PBXFileReference; explicitFileType = wrapper.cfbundle; includeInIndex = 0; path = FoodieUITests.xctest; sourceTree = BUILT_PRODUCTS_DIR; };
		58560CFA2600E4EA00267341 /* FoodieUITests.swift */ = {isa = PBXFileReference; lastKnownFileType = sourcecode.swift; path = FoodieUITests.swift; sourceTree = "<group>"; };
		58560CFC2600E4EA00267341 /* Info.plist */ = {isa = PBXFileReference; lastKnownFileType = text.plist.xml; path = Info.plist; sourceTree = "<group>"; };
		58560D102600E61900267341 /* FoodieLandingView.swift */ = {isa = PBXFileReference; lastKnownFileType = sourcecode.swift; path = FoodieLandingView.swift; sourceTree = "<group>"; };
		58560D212600E81600267341 /* Configurator.swift */ = {isa = PBXFileReference; lastKnownFileType = sourcecode.swift; path = Configurator.swift; sourceTree = "<group>"; };
		58560D262600E95200267341 /* FoodieLandingProtocols.swift */ = {isa = PBXFileReference; lastKnownFileType = sourcecode.swift; path = FoodieLandingProtocols.swift; sourceTree = "<group>"; };
/* End PBXFileReference section */

/* Begin PBXFrameworksBuildPhase section */
		58560CD22600E4E900267341 /* Frameworks */ = {
			isa = PBXFrameworksBuildPhase;
			buildActionMask = 2147483647;
			files = (
			);
			runOnlyForDeploymentPostprocessing = 0;
		};
		58560CE82600E4EA00267341 /* Frameworks */ = {
			isa = PBXFrameworksBuildPhase;
			buildActionMask = 2147483647;
			files = (
			);
			runOnlyForDeploymentPostprocessing = 0;
		};
		58560CF32600E4EA00267341 /* Frameworks */ = {
			isa = PBXFrameworksBuildPhase;
			buildActionMask = 2147483647;
			files = (
			);
			runOnlyForDeploymentPostprocessing = 0;
		};
/* End PBXFrameworksBuildPhase section */

/* Begin PBXGroup section */
		58560CCC2600E4E900267341 = {
			isa = PBXGroup;
			children = (
				58560CD72600E4E900267341 /* Foodie */,
				58560CEE2600E4EA00267341 /* FoodieTests */,
				58560CF92600E4EA00267341 /* FoodieUITests */,
				58560CD62600E4E900267341 /* Products */,
			);
			sourceTree = "<group>";
		};
		58560CD62600E4E900267341 /* Products */ = {
			isa = PBXGroup;
			children = (
				58560CD52600E4E900267341 /* Foodie.app */,
				58560CEB2600E4EA00267341 /* FoodieTests.xctest */,
				58560CF62600E4EA00267341 /* FoodieUITests.xctest */,
			);
			name = Products;
			sourceTree = "<group>";
		};
		58560CD72600E4E900267341 /* Foodie */ = {
			isa = PBXGroup;
			children = (
				58560D0E2600E5D900267341 /* Scenes */,
				58560CD82600E4E900267341 /* AppDelegate.swift */,
				58560CDA2600E4E900267341 /* SceneDelegate.swift */,
				58560CDC2600E4E900267341 /* ViewController.swift */,
				58560CE12600E4EA00267341 /* Assets.xcassets */,
				58560CE32600E4EA00267341 /* LaunchScreen.storyboard */,
				58560CE62600E4EA00267341 /* Info.plist */,
			);
			path = Foodie;
			sourceTree = "<group>";
		};
		58560CEE2600E4EA00267341 /* FoodieTests */ = {
			isa = PBXGroup;
			children = (
				58560CEF2600E4EA00267341 /* FoodieTests.swift */,
				58560CF12600E4EA00267341 /* Info.plist */,
			);
			path = FoodieTests;
			sourceTree = "<group>";
		};
		58560CF92600E4EA00267341 /* FoodieUITests */ = {
			isa = PBXGroup;
			children = (
				58560CFA2600E4EA00267341 /* FoodieUITests.swift */,
				58560CFC2600E4EA00267341 /* Info.plist */,
			);
			path = FoodieUITests;
			sourceTree = "<group>";
		};
		58560D0E2600E5D900267341 /* Scenes */ = {
			isa = PBXGroup;
			children = (
				58560D0F2600E5E100267341 /* HomePage */,
				58560D212600E81600267341 /* Configurator.swift */,
			);
			path = Scenes;
			sourceTree = "<group>";
		};
		58560D0F2600E5E100267341 /* HomePage */ = {
			isa = PBXGroup;
			children = (
				58560D102600E61900267341 /* FoodieLandingView.swift */,
				58560D262600E95200267341 /* FoodieLandingProtocols.swift */,
			);
			path = HomePage;
			sourceTree = "<group>";
		};
/* End PBXGroup section */

/* Begin PBXNativeTarget section */
		58560CD42600E4E900267341 /* Foodie */ = {
			isa = PBXNativeTarget;
			buildConfigurationList = 58560CFF2600E4EA00267341 /* Build configuration list for PBXNativeTarget "Foodie" */;
			buildPhases = (
				58560CD12600E4E900267341 /* Sources */,
				58560CD22600E4E900267341 /* Frameworks */,
				58560CD32600E4E900267341 /* Resources */,
			);
			buildRules = (
			);
			dependencies = (
			);
			name = Foodie;
			productName = Foodie;
			productReference = 58560CD52600E4E900267341 /* Foodie.app */;
			productType = "com.apple.product-type.application";
		};
		58560CEA2600E4EA00267341 /* FoodieTests */ = {
			isa = PBXNativeTarget;
			buildConfigurationList = 58560D022600E4EA00267341 /* Build configuration list for PBXNativeTarget "FoodieTests" */;
			buildPhases = (
				58560CE72600E4EA00267341 /* Sources */,
				58560CE82600E4EA00267341 /* Frameworks */,
				58560CE92600E4EA00267341 /* Resources */,
			);
			buildRules = (
			);
			dependencies = (
				58560CED2600E4EA00267341 /* PBXTargetDependency */,
			);
			name = FoodieTests;
			productName = FoodieTests;
			productReference = 58560CEB2600E4EA00267341 /* FoodieTests.xctest */;
			productType = "com.apple.product-type.bundle.unit-test";
		};
		58560CF52600E4EA00267341 /* FoodieUITests */ = {
			isa = PBXNativeTarget;
			buildConfigurationList = 58560D052600E4EA00267341 /* Build configuration list for PBXNativeTarget "FoodieUITests" */;
			buildPhases = (
				58560CF22600E4EA00267341 /* Sources */,
				58560CF32600E4EA00267341 /* Frameworks */,
				58560CF42600E4EA00267341 /* Resources */,
			);
			buildRules = (
			);
			dependencies = (
				58560CF82600E4EA00267341 /* PBXTargetDependency */,
			);
			name = FoodieUITests;
			productName = FoodieUITests;
			productReference = 58560CF62600E4EA00267341 /* FoodieUITests.xctest */;
			productType = "com.apple.product-type.bundle.ui-testing";
		};
/* End PBXNativeTarget section */

/* Begin PBXProject section */
		58560CCD2600E4E900267341 /* Project object */ = {
			isa = PBXProject;
			attributes = {
				LastSwiftUpdateCheck = 1210;
				LastUpgradeCheck = 1210;
				TargetAttributes = {
					58560CD42600E4E900267341 = {
						CreatedOnToolsVersion = 12.1;
					};
					58560CEA2600E4EA00267341 = {
						CreatedOnToolsVersion = 12.1;
						TestTargetID = 58560CD42600E4E900267341;
					};
					58560CF52600E4EA00267341 = {
						CreatedOnToolsVersion = 12.1;
						TestTargetID = 58560CD42600E4E900267341;
					};
				};
			};
			buildConfigurationList = 58560CD02600E4E900267341 /* Build configuration list for PBXProject "Foodie" */;
			compatibilityVersion = "Xcode 9.3";
			developmentRegion = en;
			hasScannedForEncodings = 0;
			knownRegions = (
				en,
				Base,
			);
			mainGroup = 58560CCC2600E4E900267341;
			productRefGroup = 58560CD62600E4E900267341 /* Products */;
			projectDirPath = "";
			projectRoot = "";
			targets = (
				58560CD42600E4E900267341 /* Foodie */,
				58560CEA2600E4EA00267341 /* FoodieTests */,
				58560CF52600E4EA00267341 /* FoodieUITests */,
			);
		};
/* End PBXProject section */

/* Begin PBXResourcesBuildPhase section */
		58560CD32600E4E900267341 /* Resources */ = {
			isa = PBXResourcesBuildPhase;
			buildActionMask = 2147483647;
			files = (
				58560CE52600E4EA00267341 /* LaunchScreen.storyboard in Resources */,
				58560CE22600E4EA00267341 /* Assets.xcassets in Resources */,
			);
			runOnlyForDeploymentPostprocessing = 0;
		};
		58560CE92600E4EA00267341 /* Resources */ = {
			isa = PBXResourcesBuildPhase;
			buildActionMask = 2147483647;
			files = (
			);
			runOnlyForDeploymentPostprocessing = 0;
		};
		58560CF42600E4EA00267341 /* Resources */ = {
			isa = PBXResourcesBuildPhase;
			buildActionMask = 2147483647;
			files = (
			);
			runOnlyForDeploymentPostprocessing = 0;
		};
/* End PBXResourcesBuildPhase section */

/* Begin PBXSourcesBuildPhase section */
		58560CD12600E4E900267341 /* Sources */ = {
			isa = PBXSourcesBuildPhase;
			buildActionMask = 2147483647;
			files = (
				58560CDD2600E4E900267341 /* ViewController.swift in Sources */,
				58560CD92600E4E900267341 /* AppDelegate.swift in Sources */,
				58560D112600E61900267341 /* FoodieLandingView.swift in Sources */,
				58560D222600E81600267341 /* Configurator.swift in Sources */,
				58560CDB2600E4E900267341 /* SceneDelegate.swift in Sources */,
				58560D272600E95200267341 /* FoodieLandingProtocols.swift in Sources */,
			);
			runOnlyForDeploymentPostprocessing = 0;
		};
		58560CE72600E4EA00267341 /* Sources */ = {
			isa = PBXSourcesBuildPhase;
			buildActionMask = 2147483647;
			files = (
				58560CF02600E4EA00267341 /* FoodieTests.swift in Sources */,
			);
			runOnlyForDeploymentPostprocessing = 0;
		};
		58560CF22600E4EA00267341 /* Sources */ = {
			isa = PBXSourcesBuildPhase;
			buildActionMask = 2147483647;
			files = (
				58560CFB2600E4EA00267341 /* FoodieUITests.swift in Sources */,
			);
			runOnlyForDeploymentPostprocessing = 0;
		};
/* End PBXSourcesBuildPhase section */

/* Begin PBXTargetDependency section */
		58560CED2600E4EA00267341 /* PBXTargetDependency */ = {
			isa = PBXTargetDependency;
			target = 58560CD42600E4E900267341 /* Foodie */;
			targetProxy = 58560CEC2600E4EA00267341 /* PBXContainerItemProxy */;
		};
		58560CF82600E4EA00267341 /* PBXTargetDependency */ = {
			isa = PBXTargetDependency;
			target = 58560CD42600E4E900267341 /* Foodie */;
			targetProxy = 58560CF72600E4EA00267341 /* PBXContainerItemProxy */;
		};
/* End PBXTargetDependency section */

/* Begin PBXVariantGroup section */
		58560CE32600E4EA00267341 /* LaunchScreen.storyboard */ = {
			isa = PBXVariantGroup;
			children = (
				58560CE42600E4EA00267341 /* Base */,
			);
			name = LaunchScreen.storyboard;
			sourceTree = "<group>";
		};
/* End PBXVariantGroup section */

/* Begin XCBuildConfiguration section */
		58560CFD2600E4EA00267341 /* Debug */ = {
			isa = XCBuildConfiguration;
			buildSettings = {
				ALWAYS_SEARCH_USER_PATHS = NO;
				CLANG_ANALYZER_NONNULL = YES;
				CLANG_ANALYZER_NUMBER_OBJECT_CONVERSION = YES_AGGRESSIVE;
				CLANG_CXX_LANGUAGE_STANDARD = "gnu++14";
				CLANG_CXX_LIBRARY = "libc++";
				CLANG_ENABLE_MODULES = YES;
				CLANG_ENABLE_OBJC_ARC = YES;
				CLANG_ENABLE_OBJC_WEAK = YES;
				CLANG_WARN_BLOCK_CAPTURE_AUTORELEASING = YES;
				CLANG_WARN_BOOL_CONVERSION = YES;
				CLANG_WARN_COMMA = YES;
				CLANG_WARN_CONSTANT_CONVERSION = YES;
				CLANG_WARN_DEPRECATED_OBJC_IMPLEMENTATIONS = YES;
				CLANG_WARN_DIRECT_OBJC_ISA_USAGE = YES_ERROR;
				CLANG_WARN_DOCUMENTATION_COMMENTS = YES;
				CLANG_WARN_EMPTY_BODY = YES;
				CLANG_WARN_ENUM_CONVERSION = YES;
				CLANG_WARN_INFINITE_RECURSION = YES;
				CLANG_WARN_INT_CONVERSION = YES;
				CLANG_WARN_NON_LITERAL_NULL_CONVERSION = YES;
				CLANG_WARN_OBJC_IMPLICIT_RETAIN_SELF = YES;
				CLANG_WARN_OBJC_LITERAL_CONVERSION = YES;
				CLANG_WARN_OBJC_ROOT_CLASS = YES_ERROR;
				CLANG_WARN_QUOTED_INCLUDE_IN_FRAMEWORK_HEADER = YES;
				CLANG_WARN_RANGE_LOOP_ANALYSIS = YES;
				CLANG_WARN_STRICT_PROTOTYPES = YES;
				CLANG_WARN_SUSPICIOUS_MOVE = YES;
				CLANG_WARN_UNGUARDED_AVAILABILITY = YES_AGGRESSIVE;
				CLANG_WARN_UNREACHABLE_CODE = YES;
				CLANG_WARN__DUPLICATE_METHOD_MATCH = YES;
				COPY_PHASE_STRIP = NO;
				DEBUG_INFORMATION_FORMAT = dwarf;
				ENABLE_STRICT_OBJC_MSGSEND = YES;
				ENABLE_TESTABILITY = YES;
				GCC_C_LANGUAGE_STANDARD = gnu11;
				GCC_DYNAMIC_NO_PIC = NO;
				GCC_NO_COMMON_BLOCKS = YES;
				GCC_OPTIMIZATION_LEVEL = 0;
				GCC_PREPROCESSOR_DEFINITIONS = (
					"DEBUG=1",
					"$(inherited)",
				);
				GCC_WARN_64_TO_32_BIT_CONVERSION = YES;
				GCC_WARN_ABOUT_RETURN_TYPE = YES_ERROR;
				GCC_WARN_UNDECLARED_SELECTOR = YES;
				GCC_WARN_UNINITIALIZED_AUTOS = YES_AGGRESSIVE;
				GCC_WARN_UNUSED_FUNCTION = YES;
				GCC_WARN_UNUSED_VARIABLE = YES;
				IPHONEOS_DEPLOYMENT_TARGET = 14.1;
				MTL_ENABLE_DEBUG_INFO = INCLUDE_SOURCE;
				MTL_FAST_MATH = YES;
				ONLY_ACTIVE_ARCH = YES;
				SDKROOT = iphoneos;
				SWIFT_ACTIVE_COMPILATION_CONDITIONS = DEBUG;
				SWIFT_OPTIMIZATION_LEVEL = "-Onone";
			};
			name = Debug;
		};
		58560CFE2600E4EA00267341 /* Release */ = {
			isa = XCBuildConfiguration;
			buildSettings = {
				ALWAYS_SEARCH_USER_PATHS = NO;
				CLANG_ANALYZER_NONNULL = YES;
				CLANG_ANALYZER_NUMBER_OBJECT_CONVERSION = YES_AGGRESSIVE;
				CLANG_CXX_LANGUAGE_STANDARD = "gnu++14";
				CLANG_CXX_LIBRARY = "libc++";
				CLANG_ENABLE_MODULES = YES;
				CLANG_ENABLE_OBJC_ARC = YES;
				CLANG_ENABLE_OBJC_WEAK = YES;
				CLANG_WARN_BLOCK_CAPTURE_AUTORELEASING = YES;
				CLANG_WARN_BOOL_CONVERSION = YES;
				CLANG_WARN_COMMA = YES;
				CLANG_WARN_CONSTANT_CONVERSION = YES;
				CLANG_WARN_DEPRECATED_OBJC_IMPLEMENTATIONS = YES;
				CLANG_WARN_DIRECT_OBJC_ISA_USAGE = YES_ERROR;
				CLANG_WARN_DOCUMENTATION_COMMENTS = YES;
				CLANG_WARN_EMPTY_BODY = YES;
				CLANG_WARN_ENUM_CONVERSION = YES;
				CLANG_WARN_INFINITE_RECURSION = YES;
				CLANG_WARN_INT_CONVERSION = YES;
				CLANG_WARN_NON_LITERAL_NULL_CONVERSION = YES;
				CLANG_WARN_OBJC_IMPLICIT_RETAIN_SELF = YES;
				CLANG_WARN_OBJC_LITERAL_CONVERSION = YES;
				CLANG_WARN_OBJC_ROOT_CLASS = YES_ERROR;
				CLANG_WARN_QUOTED_INCLUDE_IN_FRAMEWORK_HEADER = YES;
				CLANG_WARN_RANGE_LOOP_ANALYSIS = YES;
				CLANG_WARN_STRICT_PROTOTYPES = YES;
				CLANG_WARN_SUSPICIOUS_MOVE = YES;
				CLANG_WARN_UNGUARDED_AVAILABILITY = YES_AGGRESSIVE;
				CLANG_WARN_UNREACHABLE_CODE = YES;
				CLANG_WARN__DUPLICATE_METHOD_MATCH = YES;
				COPY_PHASE_STRIP = NO;
				DEBUG_INFORMATION_FORMAT = "dwarf-with-dsym";
				ENABLE_NS_ASSERTIONS = NO;
				ENABLE_STRICT_OBJC_MSGSEND = YES;
				GCC_C_LANGUAGE_STANDARD = gnu11;
				GCC_NO_COMMON_BLOCKS = YES;
				GCC_WARN_64_TO_32_BIT_CONVERSION = YES;
				GCC_WARN_ABOUT_RETURN_TYPE = YES_ERROR;
				GCC_WARN_UNDECLARED_SELECTOR = YES;
				GCC_WARN_UNINITIALIZED_AUTOS = YES_AGGRESSIVE;
				GCC_WARN_UNUSED_FUNCTION = YES;
				GCC_WARN_UNUSED_VARIABLE = YES;
				IPHONEOS_DEPLOYMENT_TARGET = 14.1;
				MTL_ENABLE_DEBUG_INFO = NO;
				MTL_FAST_MATH = YES;
				SDKROOT = iphoneos;
				SWIFT_COMPILATION_MODE = wholemodule;
				SWIFT_OPTIMIZATION_LEVEL = "-O";
				VALIDATE_PRODUCT = YES;
			};
			name = Release;
		};
		58560D002600E4EA00267341 /* Debug */ = {
			isa = XCBuildConfiguration;
			buildSettings = {
				ASSETCATALOG_COMPILER_APPICON_NAME = AppIcon;
				ASSETCATALOG_COMPILER_GLOBAL_ACCENT_COLOR_NAME = AccentColor;
				CODE_SIGN_STYLE = Automatic;
				DEVELOPMENT_TEAM = ZKTNTY7Q25;
				INFOPLIST_FILE = Foodie/Info.plist;
				LD_RUNPATH_SEARCH_PATHS = (
					"$(inherited)",
					"@executable_path/Frameworks",
				);
				PRODUCT_BUNDLE_IDENTIFIER = com.codebase.Foodie.Foodie;
				PRODUCT_NAME = "$(TARGET_NAME)";
				SWIFT_VERSION = 5.0;
				TARGETED_DEVICE_FAMILY = "1,2";
			};
			name = Debug;
		};
		58560D012600E4EA00267341 /* Release */ = {
			isa = XCBuildConfiguration;
			buildSettings = {
				ASSETCATALOG_COMPILER_APPICON_NAME = AppIcon;
				ASSETCATALOG_COMPILER_GLOBAL_ACCENT_COLOR_NAME = AccentColor;
				CODE_SIGN_STYLE = Automatic;
				DEVELOPMENT_TEAM = ZKTNTY7Q25;
				INFOPLIST_FILE = Foodie/Info.plist;
				LD_RUNPATH_SEARCH_PATHS = (
					"$(inherited)",
					"@executable_path/Frameworks",
				);
				PRODUCT_BUNDLE_IDENTIFIER = com.codebase.Foodie.Foodie;
				PRODUCT_NAME = "$(TARGET_NAME)";
				SWIFT_VERSION = 5.0;
				TARGETED_DEVICE_FAMILY = "1,2";
			};
			name = Release;
		};
		58560D032600E4EA00267341 /* Debug */ = {
			isa = XCBuildConfiguration;
			buildSettings = {
				ALWAYS_EMBED_SWIFT_STANDARD_LIBRARIES = YES;
				BUNDLE_LOADER = "$(TEST_HOST)";
				CODE_SIGN_STYLE = Automatic;
				DEVELOPMENT_TEAM = ZKTNTY7Q25;
				INFOPLIST_FILE = FoodieTests/Info.plist;
				IPHONEOS_DEPLOYMENT_TARGET = 14.1;
				LD_RUNPATH_SEARCH_PATHS = (
					"$(inherited)",
					"@executable_path/Frameworks",
					"@loader_path/Frameworks",
				);
				PRODUCT_BUNDLE_IDENTIFIER = com.codebase.Foodie.FoodieTests;
				PRODUCT_NAME = "$(TARGET_NAME)";
				SWIFT_VERSION = 5.0;
				TARGETED_DEVICE_FAMILY = "1,2";
				TEST_HOST = "$(BUILT_PRODUCTS_DIR)/Foodie.app/Foodie";
			};
			name = Debug;
		};
		58560D042600E4EA00267341 /* Release */ = {
			isa = XCBuildConfiguration;
			buildSettings = {
				ALWAYS_EMBED_SWIFT_STANDARD_LIBRARIES = YES;
				BUNDLE_LOADER = "$(TEST_HOST)";
				CODE_SIGN_STYLE = Automatic;
				DEVELOPMENT_TEAM = ZKTNTY7Q25;
				INFOPLIST_FILE = FoodieTests/Info.plist;
				IPHONEOS_DEPLOYMENT_TARGET = 14.1;
				LD_RUNPATH_SEARCH_PATHS = (
					"$(inherited)",
					"@executable_path/Frameworks",
					"@loader_path/Frameworks",
				);
				PRODUCT_BUNDLE_IDENTIFIER = com.codebase.Foodie.FoodieTests;
				PRODUCT_NAME = "$(TARGET_NAME)";
				SWIFT_VERSION = 5.0;
				TARGETED_DEVICE_FAMILY = "1,2";
				TEST_HOST = "$(BUILT_PRODUCTS_DIR)/Foodie.app/Foodie";
			};
			name = Release;
		};
		58560D062600E4EA00267341 /* Debug */ = {
			isa = XCBuildConfiguration;
			buildSettings = {
				ALWAYS_EMBED_SWIFT_STANDARD_LIBRARIES = YES;
				CODE_SIGN_STYLE = Automatic;
				DEVELOPMENT_TEAM = ZKTNTY7Q25;
				INFOPLIST_FILE = FoodieUITests/Info.plist;
				LD_RUNPATH_SEARCH_PATHS = (
					"$(inherited)",
					"@executable_path/Frameworks",
					"@loader_path/Frameworks",
				);
				PRODUCT_BUNDLE_IDENTIFIER = com.codebase.Foodie.FoodieUITests;
				PRODUCT_NAME = "$(TARGET_NAME)";
				SWIFT_VERSION = 5.0;
				TARGETED_DEVICE_FAMILY = "1,2";
				TEST_TARGET_NAME = Foodie;
			};
			name = Debug;
		};
		58560D072600E4EA00267341 /* Release */ = {
			isa = XCBuildConfiguration;
			buildSettings = {
				ALWAYS_EMBED_SWIFT_STANDARD_LIBRARIES = YES;
				CODE_SIGN_STYLE = Automatic;
				DEVELOPMENT_TEAM = ZKTNTY7Q25;
				INFOPLIST_FILE = FoodieUITests/Info.plist;
				LD_RUNPATH_SEARCH_PATHS = (
					"$(inherited)",
					"@executable_path/Frameworks",
					"@loader_path/Frameworks",
				);
				PRODUCT_BUNDLE_IDENTIFIER = com.codebase.Foodie.FoodieUITests;
				PRODUCT_NAME = "$(TARGET_NAME)";
				SWIFT_VERSION = 5.0;
				TARGETED_DEVICE_FAMILY = "1,2";
				TEST_TARGET_NAME = Foodie;
			};
			name = Release;
		};
/* End XCBuildConfiguration section */

/* Begin XCConfigurationList section */
		58560CD02600E4E900267341 /* Build configuration list for PBXProject "Foodie" */ = {
			isa = XCConfigurationList;
			buildConfigurations = (
				58560CFD2600E4EA00267341 /* Debug */,
				58560CFE2600E4EA00267341 /* Release */,
			);
			defaultConfigurationIsVisible = 0;
			defaultConfigurationName = Release;
		};
		58560CFF2600E4EA00267341 /* Build configuration list for PBXNativeTarget "Foodie" */ = {
			isa = XCConfigurationList;
			buildConfigurations = (
				58560D002600E4EA00267341 /* Debug */,
				58560D012600E4EA00267341 /* Release */,
			);
			defaultConfigurationIsVisible = 0;
			defaultConfigurationName = Release;
		};
		58560D022600E4EA00267341 /* Build configuration list for PBXNativeTarget "FoodieTests" */ = {
			isa = XCConfigurationList;
			buildConfigurations = (
				58560D032600E4EA00267341 /* Debug */,
				58560D042600E4EA00267341 /* Release */,
			);
			defaultConfigurationIsVisible = 0;
			defaultConfigurationName = Release;
		};
		58560D052600E4EA00267341 /* Build configuration list for PBXNativeTarget "FoodieUITests" */ = {
			isa = XCConfigurationList;
			buildConfigurations = (
				58560D062600E4EA00267341 /* Debug */,
				58560D072600E4EA00267341 /* Release */,
			);
			defaultConfigurationIsVisible = 0;
			defaultConfigurationName = Release;
		};
/* End XCConfigurationList section */
	};
	rootObject = 58560CCD2600E4E900267341 /* Project object */;
}
